dependencies:
- name: ingress-nginx
  repository: https://kubernetes.github.io/ingress-nginx
  version: 4.6.0
- name: cert-manager
  repository: https://charts.jetstack.io
  version: v1.11.1
- name: external-secrets
  repository: https://charts.external-secrets.io
  version: 0.8.1
digest: sha256:8a9530e2fdc18ddf13be3332fe3a974cc2a874a6763343ec3fdf80858aab92fa
generated: "2023-05-08T18:12:53.516143558+02:00"
